// !$*UTF8*$!
{
	archiveVersion = 1;
	classes = {
	};
	objectVersion = 56;
	objects = {

/* Begin PBXBuildFile section */
		2B97DC8D2C3D2EC500856519 /* Next_callsApp.swift in Sources */ = {isa = PBXBuildFile; fileRef = 2B97DC8C2C3D2EC500856519 /* Next_callsApp.swift */; };
		2B97DC8F2C3D2EC500856519 /* NextCallList.swift in Sources */ = {isa = PBXBuildFile; fileRef = 2B97DC8E2C3D2EC500856519 /* NextCallList.swift */; };
		2B97DC912C3D2EC700856519 /* Assets.xcassets in Resources */ = {isa = PBXBuildFile; fileRef = 2B97DC902C3D2EC700856519 /* Assets.xcassets */; };
		2B97DC942C3D2EC700856519 /* Preview Assets.xcassets in Resources */ = {isa = PBXBuildFile; fileRef = 2B97DC932C3D2EC700856519 /* Preview Assets.xcassets */; };
		2BDCA5642C3E826D0081EB22 /* EKEventStore+AsyncFetch.swift in Sources */ = {isa = PBXBuildFile; fileRef = 2BDCA5632C3E826D0081EB22 /* EKEventStore+AsyncFetch.swift */; };
		2BDCA5662C3E833A0081EB22 /* ErrorMessages.swift in Sources */ = {isa = PBXBuildFile; fileRef = 2BDCA5652C3E833A0081EB22 /* ErrorMessages.swift */; };
		2BDCA5682C3E83A50081EB22 /* Reminder+EKReminder.swift in Sources */ = {isa = PBXBuildFile; fileRef = 2BDCA5672C3E83A50081EB22 /* Reminder+EKReminder.swift */; };
		2BDCA56A2C3E84870081EB22 /* Reminder.swift in Sources */ = {isa = PBXBuildFile; fileRef = 2BDCA5692C3E84870081EB22 /* Reminder.swift */; };
		2BDCA56C2C3E84AD0081EB22 /* ReminderStore.swift in Sources */ = {isa = PBXBuildFile; fileRef = 2BDCA56B2C3E84AD0081EB22 /* ReminderStore.swift */; };
		2BDCA5732C3ED78B0081EB22 /* NextCallListViewModel.swift in Sources */ = {isa = PBXBuildFile; fileRef = 2BDCA5722C3ED78B0081EB22 /* NextCallListViewModel.swift */; };
		2BDCA5752C3FC8F90081EB22 /* Call.swift in Sources */ = {isa = PBXBuildFile; fileRef = 2BDCA5742C3FC8F90081EB22 /* Call.swift */; };
		2BDCA5772C3FC94D0081EB22 /* Call+Reminder.swift in Sources */ = {isa = PBXBuildFile; fileRef = 2BDCA5762C3FC94D0081EB22 /* Call+Reminder.swift */; };
		2BDCA5792C3FCC490081EB22 /* CallListViewModelTests.swift in Sources */ = {isa = PBXBuildFile; fileRef = 2BDCA5782C3FCC490081EB22 /* CallListViewModelTests.swift */; };
		2BDCA57B2C3FE7070081EB22 /* CallDetail.swift in Sources */ = {isa = PBXBuildFile; fileRef = 2BDCA57A2C3FE7070081EB22 /* CallDetail.swift */; };
		2BDCA57D2C4005520081EB22 /* ContactStore.swift in Sources */ = {isa = PBXBuildFile; fileRef = 2BDCA57C2C4005520081EB22 /* ContactStore.swift */; };
		2BDCA57F2C4007740081EB22 /* Contact.swift in Sources */ = {isa = PBXBuildFile; fileRef = 2BDCA57E2C4007740081EB22 /* Contact.swift */; };
		2BDCA5812C4007860081EB22 /* Contact+CNContact.swift in Sources */ = {isa = PBXBuildFile; fileRef = 2BDCA5802C4007860081EB22 /* Contact+CNContact.swift */; };
		2BDCA5832C4011F50081EB22 /* Call+Contact.swift in Sources */ = {isa = PBXBuildFile; fileRef = 2BDCA5822C4011F50081EB22 /* Call+Contact.swift */; };
/* End PBXBuildFile section */

/* Begin PBXContainerItemProxy section */
		2B97DC9A2C3D2EC900856519 /* PBXContainerItemProxy */ = {
			isa = PBXContainerItemProxy;
			containerPortal = 2B97DC812C3D2EC500856519 /* Project object */;
			proxyType = 1;
			remoteGlobalIDString = 2B97DC882C3D2EC500856519;
			remoteInfo = "Next calls";
		};
/* End PBXContainerItemProxy section */

/* Begin PBXFileReference section */
		2B97DC892C3D2EC500856519 /* Next calls.app */ = {isa = PBXFileReference; explicitFileType = wrapper.application; includeInIndex = 0; path = "Next calls.app"; sourceTree = BUILT_PRODUCTS_DIR; };
		2B97DC8C2C3D2EC500856519 /* Next_callsApp.swift */ = {isa = PBXFileReference; lastKnownFileType = sourcecode.swift; path = Next_callsApp.swift; sourceTree = "<group>"; };
		2B97DC8E2C3D2EC500856519 /* NextCallList.swift */ = {isa = PBXFileReference; lastKnownFileType = sourcecode.swift; path = NextCallList.swift; sourceTree = "<group>"; };
		2B97DC902C3D2EC700856519 /* Assets.xcassets */ = {isa = PBXFileReference; lastKnownFileType = folder.assetcatalog; path = Assets.xcassets; sourceTree = "<group>"; };
		2B97DC932C3D2EC700856519 /* Preview Assets.xcassets */ = {isa = PBXFileReference; lastKnownFileType = folder.assetcatalog; path = "Preview Assets.xcassets"; sourceTree = "<group>"; };
		2B97DC992C3D2EC900856519 /* Next callsTests.xctest */ = {isa = PBXFileReference; explicitFileType = wrapper.cfbundle; includeInIndex = 0; path = "Next callsTests.xctest"; sourceTree = BUILT_PRODUCTS_DIR; };
		2BDCA5632C3E826D0081EB22 /* EKEventStore+AsyncFetch.swift */ = {isa = PBXFileReference; lastKnownFileType = sourcecode.swift; path = "EKEventStore+AsyncFetch.swift"; sourceTree = "<group>"; };
		2BDCA5652C3E833A0081EB22 /* ErrorMessages.swift */ = {isa = PBXFileReference; lastKnownFileType = sourcecode.swift; path = ErrorMessages.swift; sourceTree = "<group>"; };
		2BDCA5672C3E83A50081EB22 /* Reminder+EKReminder.swift */ = {isa = PBXFileReference; lastKnownFileType = sourcecode.swift; path = "Reminder+EKReminder.swift"; sourceTree = "<group>"; };
		2BDCA5692C3E84870081EB22 /* Reminder.swift */ = {isa = PBXFileReference; lastKnownFileType = sourcecode.swift; path = Reminder.swift; sourceTree = "<group>"; };
		2BDCA56B2C3E84AD0081EB22 /* ReminderStore.swift */ = {isa = PBXFileReference; lastKnownFileType = sourcecode.swift; path = ReminderStore.swift; sourceTree = "<group>"; };
		2BDCA5722C3ED78B0081EB22 /* NextCallListViewModel.swift */ = {isa = PBXFileReference; lastKnownFileType = sourcecode.swift; path = NextCallListViewModel.swift; sourceTree = "<group>"; };
		2BDCA5742C3FC8F90081EB22 /* Call.swift */ = {isa = PBXFileReference; lastKnownFileType = sourcecode.swift; path = Call.swift; sourceTree = "<group>"; };
		2BDCA5762C3FC94D0081EB22 /* Call+Reminder.swift */ = {isa = PBXFileReference; lastKnownFileType = sourcecode.swift; path = "Call+Reminder.swift"; sourceTree = "<group>"; };
		2BDCA5782C3FCC490081EB22 /* CallListViewModelTests.swift */ = {isa = PBXFileReference; lastKnownFileType = sourcecode.swift; path = CallListViewModelTests.swift; sourceTree = "<group>"; };
		2BDCA57A2C3FE7070081EB22 /* CallDetail.swift */ = {isa = PBXFileReference; lastKnownFileType = sourcecode.swift; path = CallDetail.swift; sourceTree = "<group>"; };
		2BDCA57C2C4005520081EB22 /* ContactStore.swift */ = {isa = PBXFileReference; lastKnownFileType = sourcecode.swift; path = ContactStore.swift; sourceTree = "<group>"; };
		2BDCA57E2C4007740081EB22 /* Contact.swift */ = {isa = PBXFileReference; lastKnownFileType = sourcecode.swift; path = Contact.swift; sourceTree = "<group>"; };
		2BDCA5802C4007860081EB22 /* Contact+CNContact.swift */ = {isa = PBXFileReference; lastKnownFileType = sourcecode.swift; path = "Contact+CNContact.swift"; sourceTree = "<group>"; };
		2BDCA5822C4011F50081EB22 /* Call+Contact.swift */ = {isa = PBXFileReference; lastKnownFileType = sourcecode.swift; path = "Call+Contact.swift"; sourceTree = "<group>"; };
/* End PBXFileReference section */

/* Begin PBXFrameworksBuildPhase section */
		2B97DC862C3D2EC500856519 /* Frameworks */ = {
			isa = PBXFrameworksBuildPhase;
			buildActionMask = 2147483647;
			files = (
			);
			runOnlyForDeploymentPostprocessing = 0;
		};
		2B97DC962C3D2EC900856519 /* Frameworks */ = {
			isa = PBXFrameworksBuildPhase;
			buildActionMask = 2147483647;
			files = (
			);
			runOnlyForDeploymentPostprocessing = 0;
		};
/* End PBXFrameworksBuildPhase section */

/* Begin PBXGroup section */
		2B97DC802C3D2EC500856519 = {
			isa = PBXGroup;
			children = (
				2B97DC8B2C3D2EC500856519 /* Next calls */,
				2B97DC9C2C3D2EC900856519 /* Next callsTests */,
				2B97DC8A2C3D2EC500856519 /* Products */,
			);
			sourceTree = "<group>";
		};
		2B97DC8A2C3D2EC500856519 /* Products */ = {
			isa = PBXGroup;
			children = (
				2B97DC892C3D2EC500856519 /* Next calls.app */,
				2B97DC992C3D2EC900856519 /* Next callsTests.xctest */,
			);
			name = Products;
			sourceTree = "<group>";
		};
		2B97DC8B2C3D2EC500856519 /* Next calls */ = {
			isa = PBXGroup;
			children = (
				2BDCA5712C3ED76F0081EB22 /* ViewModels */,
				2B97DC8C2C3D2EC500856519 /* Next_callsApp.swift */,
				2BDCA56D2C3E8CC10081EB22 /* Views */,
				2B97DC902C3D2EC700856519 /* Assets.xcassets */,
				2B97DC922C3D2EC700856519 /* Preview Content */,
				2BDCA56E2C3E8CDC0081EB22 /* Data */,
				2BDCA56F2C3E8CEE0081EB22 /* Messages */,
				2BDCA5702C3E8D0C0081EB22 /* Model */,
			);
			path = "Next calls";
			sourceTree = "<group>";
		};
		2B97DC922C3D2EC700856519 /* Preview Content */ = {
			isa = PBXGroup;
			children = (
				2B97DC932C3D2EC700856519 /* Preview Assets.xcassets */,
			);
			path = "Preview Content";
			sourceTree = "<group>";
		};
		2B97DC9C2C3D2EC900856519 /* Next callsTests */ = {
			isa = PBXGroup;
			children = (
				2BDCA5782C3FCC490081EB22 /* CallListViewModelTests.swift */,
			);
			path = "Next callsTests";
			sourceTree = "<group>";
		};
		2BDCA56D2C3E8CC10081EB22 /* Views */ = {
			isa = PBXGroup;
			children = (
				2B97DC8E2C3D2EC500856519 /* NextCallList.swift */,
				2BDCA57A2C3FE7070081EB22 /* CallDetail.swift */,
			);
			path = Views;
			sourceTree = "<group>";
		};
		2BDCA56E2C3E8CDC0081EB22 /* Data */ = {
			isa = PBXGroup;
			children = (
				2BDCA5632C3E826D0081EB22 /* EKEventStore+AsyncFetch.swift */,
				2BDCA56B2C3E84AD0081EB22 /* ReminderStore.swift */,
				2BDCA57C2C4005520081EB22 /* ContactStore.swift */,
			);
			path = Data;
			sourceTree = "<group>";
		};
		2BDCA56F2C3E8CEE0081EB22 /* Messages */ = {
			isa = PBXGroup;
			children = (
				2BDCA5652C3E833A0081EB22 /* ErrorMessages.swift */,
			);
			path = Messages;
			sourceTree = "<group>";
		};
		2BDCA5702C3E8D0C0081EB22 /* Model */ = {
			isa = PBXGroup;
			children = (
				2BDCA5672C3E83A50081EB22 /* Reminder+EKReminder.swift */,
				2BDCA5692C3E84870081EB22 /* Reminder.swift */,
				2BDCA5742C3FC8F90081EB22 /* Call.swift */,
				2BDCA5762C3FC94D0081EB22 /* Call+Reminder.swift */,
				2BDCA5822C4011F50081EB22 /* Call+Contact.swift */,
				2BDCA57E2C4007740081EB22 /* Contact.swift */,
				2BDCA5802C4007860081EB22 /* Contact+CNContact.swift */,
			);
			path = Model;
			sourceTree = "<group>";
		};
		2BDCA5712C3ED76F0081EB22 /* ViewModels */ = {
			isa = PBXGroup;
			children = (
				2BDCA5722C3ED78B0081EB22 /* NextCallListViewModel.swift */,
			);
			path = ViewModels;
			sourceTree = "<group>";
		};
/* End PBXGroup section */

/* Begin PBXNativeTarget section */
		2B97DC882C3D2EC500856519 /* Next calls */ = {
			isa = PBXNativeTarget;
			buildConfigurationList = 2B97DCAD2C3D2EC900856519 /* Build configuration list for PBXNativeTarget "Next calls" */;
			buildPhases = (
				2B97DC852C3D2EC500856519 /* Sources */,
				2B97DC862C3D2EC500856519 /* Frameworks */,
				2B97DC872C3D2EC500856519 /* Resources */,
			);
			buildRules = (
			);
			dependencies = (
			);
			name = "Next calls";
			productName = "Next calls";
			productReference = 2B97DC892C3D2EC500856519 /* Next calls.app */;
			productType = "com.apple.product-type.application";
		};
		2B97DC982C3D2EC900856519 /* Next callsTests */ = {
			isa = PBXNativeTarget;
			buildConfigurationList = 2B97DCB02C3D2EC900856519 /* Build configuration list for PBXNativeTarget "Next callsTests" */;
			buildPhases = (
				2B97DC952C3D2EC900856519 /* Sources */,
				2B97DC962C3D2EC900856519 /* Frameworks */,
				2B97DC972C3D2EC900856519 /* Resources */,
			);
			buildRules = (
			);
			dependencies = (
				2B97DC9B2C3D2EC900856519 /* PBXTargetDependency */,
			);
			name = "Next callsTests";
			productName = "Next callsTests";
			productReference = 2B97DC992C3D2EC900856519 /* Next callsTests.xctest */;
			productType = "com.apple.product-type.bundle.unit-test";
		};
/* End PBXNativeTarget section */

/* Begin PBXProject section */
		2B97DC812C3D2EC500856519 /* Project object */ = {
			isa = PBXProject;
			attributes = {
				BuildIndependentTargetsInParallel = 1;
				LastSwiftUpdateCheck = 1540;
				LastUpgradeCheck = 1540;
				TargetAttributes = {
					2B97DC882C3D2EC500856519 = {
						CreatedOnToolsVersion = 15.4;
					};
					2B97DC982C3D2EC900856519 = {
						CreatedOnToolsVersion = 15.4;
						TestTargetID = 2B97DC882C3D2EC500856519;
					};
				};
			};
			buildConfigurationList = 2B97DC842C3D2EC500856519 /* Build configuration list for PBXProject "Next calls" */;
			compatibilityVersion = "Xcode 14.0";
			developmentRegion = en;
			hasScannedForEncodings = 0;
			knownRegions = (
				en,
				Base,
			);
			mainGroup = 2B97DC802C3D2EC500856519;
			productRefGroup = 2B97DC8A2C3D2EC500856519 /* Products */;
			projectDirPath = "";
			projectRoot = "";
			targets = (
				2B97DC882C3D2EC500856519 /* Next calls */,
				2B97DC982C3D2EC900856519 /* Next callsTests */,
			);
		};
/* End PBXProject section */

/* Begin PBXResourcesBuildPhase section */
		2B97DC872C3D2EC500856519 /* Resources */ = {
			isa = PBXResourcesBuildPhase;
			buildActionMask = 2147483647;
			files = (
				2B97DC942C3D2EC700856519 /* Preview Assets.xcassets in Resources */,
				2B97DC912C3D2EC700856519 /* Assets.xcassets in Resources */,
			);
			runOnlyForDeploymentPostprocessing = 0;
		};
		2B97DC972C3D2EC900856519 /* Resources */ = {
			isa = PBXResourcesBuildPhase;
			buildActionMask = 2147483647;
			files = (
			);
			runOnlyForDeploymentPostprocessing = 0;
		};
/* End PBXResourcesBuildPhase section */

/* Begin PBXSourcesBuildPhase section */
		2B97DC852C3D2EC500856519 /* Sources */ = {
			isa = PBXSourcesBuildPhase;
			buildActionMask = 2147483647;
			files = (
				2BDCA5812C4007860081EB22 /* Contact+CNContact.swift in Sources */,
				2BDCA57F2C4007740081EB22 /* Contact.swift in Sources */,
				2BDCA5732C3ED78B0081EB22 /* NextCallListViewModel.swift in Sources */,
				2BDCA5752C3FC8F90081EB22 /* Call.swift in Sources */,
				2B97DC8F2C3D2EC500856519 /* NextCallList.swift in Sources */,
				2BDCA5772C3FC94D0081EB22 /* Call+Reminder.swift in Sources */,
				2BDCA57B2C3FE7070081EB22 /* CallDetail.swift in Sources */,
				2BDCA56C2C3E84AD0081EB22 /* ReminderStore.swift in Sources */,
				2BDCA56A2C3E84870081EB22 /* Reminder.swift in Sources */,
				2BDCA5832C4011F50081EB22 /* Call+Contact.swift in Sources */,
				2BDCA5682C3E83A50081EB22 /* Reminder+EKReminder.swift in Sources */,
				2BDCA5662C3E833A0081EB22 /* ErrorMessages.swift in Sources */,
				2BDCA5642C3E826D0081EB22 /* EKEventStore+AsyncFetch.swift in Sources */,
				2BDCA57D2C4005520081EB22 /* ContactStore.swift in Sources */,
				2B97DC8D2C3D2EC500856519 /* Next_callsApp.swift in Sources */,
			);
			runOnlyForDeploymentPostprocessing = 0;
		};
		2B97DC952C3D2EC900856519 /* Sources */ = {
			isa = PBXSourcesBuildPhase;
			buildActionMask = 2147483647;
			files = (
				2BDCA5792C3FCC490081EB22 /* CallListViewModelTests.swift in Sources */,
			);
			runOnlyForDeploymentPostprocessing = 0;
		};
/* End PBXSourcesBuildPhase section */

/* Begin PBXTargetDependency section */
		2B97DC9B2C3D2EC900856519 /* PBXTargetDependency */ = {
			isa = PBXTargetDependency;
			target = 2B97DC882C3D2EC500856519 /* Next calls */;
			targetProxy = 2B97DC9A2C3D2EC900856519 /* PBXContainerItemProxy */;
		};
/* End PBXTargetDependency section */

/* Begin XCBuildConfiguration section */
		2B97DCAB2C3D2EC900856519 /* Debug */ = {
			isa = XCBuildConfiguration;
			buildSettings = {
				ALWAYS_SEARCH_USER_PATHS = NO;
				ASSETCATALOG_COMPILER_GENERATE_SWIFT_ASSET_SYMBOL_EXTENSIONS = YES;
				CLANG_ANALYZER_NONNULL = YES;
				CLANG_ANALYZER_NUMBER_OBJECT_CONVERSION = YES_AGGRESSIVE;
				CLANG_CXX_LANGUAGE_STANDARD = "gnu++20";
				CLANG_ENABLE_MODULES = YES;
				CLANG_ENABLE_OBJC_ARC = YES;
				CLANG_ENABLE_OBJC_WEAK = YES;
				CLANG_WARN_BLOCK_CAPTURE_AUTORELEASING = YES;
				CLANG_WARN_BOOL_CONVERSION = YES;
				CLANG_WARN_COMMA = YES;
				CLANG_WARN_CONSTANT_CONVERSION = YES;
				CLANG_WARN_DEPRECATED_OBJC_IMPLEMENTATIONS = YES;
				CLANG_WARN_DIRECT_OBJC_ISA_USAGE = YES_ERROR;
				CLANG_WARN_DOCUMENTATION_COMMENTS = YES;
				CLANG_WARN_EMPTY_BODY = YES;
				CLANG_WARN_ENUM_CONVERSION = YES;
				CLANG_WARN_INFINITE_RECURSION = YES;
				CLANG_WARN_INT_CONVERSION = YES;
				CLANG_WARN_NON_LITERAL_NULL_CONVERSION = YES;
				CLANG_WARN_OBJC_IMPLICIT_RETAIN_SELF = YES;
				CLANG_WARN_OBJC_LITERAL_CONVERSION = YES;
				CLANG_WARN_OBJC_ROOT_CLASS = YES_ERROR;
				CLANG_WARN_QUOTED_INCLUDE_IN_FRAMEWORK_HEADER = YES;
				CLANG_WARN_RANGE_LOOP_ANALYSIS = YES;
				CLANG_WARN_STRICT_PROTOTYPES = YES;
				CLANG_WARN_SUSPICIOUS_MOVE = YES;
				CLANG_WARN_UNGUARDED_AVAILABILITY = YES_AGGRESSIVE;
				CLANG_WARN_UNREACHABLE_CODE = YES;
				CLANG_WARN__DUPLICATE_METHOD_MATCH = YES;
				COPY_PHASE_STRIP = NO;
				DEBUG_INFORMATION_FORMAT = dwarf;
				ENABLE_STRICT_OBJC_MSGSEND = YES;
				ENABLE_TESTABILITY = YES;
				ENABLE_USER_SCRIPT_SANDBOXING = YES;
				GCC_C_LANGUAGE_STANDARD = gnu17;
				GCC_DYNAMIC_NO_PIC = NO;
				GCC_NO_COMMON_BLOCKS = YES;
				GCC_OPTIMIZATION_LEVEL = 0;
				GCC_PREPROCESSOR_DEFINITIONS = (
					"DEBUG=1",
					"$(inherited)",
				);
				GCC_WARN_64_TO_32_BIT_CONVERSION = YES;
				GCC_WARN_ABOUT_RETURN_TYPE = YES_ERROR;
				GCC_WARN_UNDECLARED_SELECTOR = YES;
				GCC_WARN_UNINITIALIZED_AUTOS = YES_AGGRESSIVE;
				GCC_WARN_UNUSED_FUNCTION = YES;
				GCC_WARN_UNUSED_VARIABLE = YES;
				IPHONEOS_DEPLOYMENT_TARGET = 17.5;
				LOCALIZATION_PREFERS_STRING_CATALOGS = YES;
				MTL_ENABLE_DEBUG_INFO = INCLUDE_SOURCE;
				MTL_FAST_MATH = YES;
				ONLY_ACTIVE_ARCH = YES;
				SDKROOT = iphoneos;
				SWIFT_ACTIVE_COMPILATION_CONDITIONS = "DEBUG $(inherited)";
				SWIFT_OPTIMIZATION_LEVEL = "-Onone";
			};
			name = Debug;
		};
		2B97DCAC2C3D2EC900856519 /* Release */ = {
			isa = XCBuildConfiguration;
			buildSettings = {
				ALWAYS_SEARCH_USER_PATHS = NO;
				ASSETCATALOG_COMPILER_GENERATE_SWIFT_ASSET_SYMBOL_EXTENSIONS = YES;
				CLANG_ANALYZER_NONNULL = YES;
				CLANG_ANALYZER_NUMBER_OBJECT_CONVERSION = YES_AGGRESSIVE;
				CLANG_CXX_LANGUAGE_STANDARD = "gnu++20";
				CLANG_ENABLE_MODULES = YES;
				CLANG_ENABLE_OBJC_ARC = YES;
				CLANG_ENABLE_OBJC_WEAK = YES;
				CLANG_WARN_BLOCK_CAPTURE_AUTORELEASING = YES;
				CLANG_WARN_BOOL_CONVERSION = YES;
				CLANG_WARN_COMMA = YES;
				CLANG_WARN_CONSTANT_CONVERSION = YES;
				CLANG_WARN_DEPRECATED_OBJC_IMPLEMENTATIONS = YES;
				CLANG_WARN_DIRECT_OBJC_ISA_USAGE = YES_ERROR;
				CLANG_WARN_DOCUMENTATION_COMMENTS = YES;
				CLANG_WARN_EMPTY_BODY = YES;
				CLANG_WARN_ENUM_CONVERSION = YES;
				CLANG_WARN_INFINITE_RECURSION = YES;
				CLANG_WARN_INT_CONVERSION = YES;
				CLANG_WARN_NON_LITERAL_NULL_CONVERSION = YES;
				CLANG_WARN_OBJC_IMPLICIT_RETAIN_SELF = YES;
				CLANG_WARN_OBJC_LITERAL_CONVERSION = YES;
				CLANG_WARN_OBJC_ROOT_CLASS = YES_ERROR;
				CLANG_WARN_QUOTED_INCLUDE_IN_FRAMEWORK_HEADER = YES;
				CLANG_WARN_RANGE_LOOP_ANALYSIS = YES;
				CLANG_WARN_STRICT_PROTOTYPES = YES;
				CLANG_WARN_SUSPICIOUS_MOVE = YES;
				CLANG_WARN_UNGUARDED_AVAILABILITY = YES_AGGRESSIVE;
				CLANG_WARN_UNREACHABLE_CODE = YES;
				CLANG_WARN__DUPLICATE_METHOD_MATCH = YES;
				COPY_PHASE_STRIP = NO;
				DEBUG_INFORMATION_FORMAT = "dwarf-with-dsym";
				ENABLE_NS_ASSERTIONS = NO;
				ENABLE_STRICT_OBJC_MSGSEND = YES;
				ENABLE_USER_SCRIPT_SANDBOXING = YES;
				GCC_C_LANGUAGE_STANDARD = gnu17;
				GCC_NO_COMMON_BLOCKS = YES;
				GCC_WARN_64_TO_32_BIT_CONVERSION = YES;
				GCC_WARN_ABOUT_RETURN_TYPE = YES_ERROR;
				GCC_WARN_UNDECLARED_SELECTOR = YES;
				GCC_WARN_UNINITIALIZED_AUTOS = YES_AGGRESSIVE;
				GCC_WARN_UNUSED_FUNCTION = YES;
				GCC_WARN_UNUSED_VARIABLE = YES;
				IPHONEOS_DEPLOYMENT_TARGET = 17.5;
				LOCALIZATION_PREFERS_STRING_CATALOGS = YES;
				MTL_ENABLE_DEBUG_INFO = NO;
				MTL_FAST_MATH = YES;
				SDKROOT = iphoneos;
				SWIFT_COMPILATION_MODE = wholemodule;
				VALIDATE_PRODUCT = YES;
			};
			name = Release;
		};
		2B97DCAE2C3D2EC900856519 /* Debug */ = {
			isa = XCBuildConfiguration;
			buildSettings = {
				ASSETCATALOG_COMPILER_APPICON_NAME = AppIcon;
				ASSETCATALOG_COMPILER_GLOBAL_ACCENT_COLOR_NAME = AccentColor;
				CODE_SIGN_STYLE = Automatic;
				CURRENT_PROJECT_VERSION = 1;
				DEVELOPMENT_ASSET_PATHS = "\"Next calls/Preview Content\"";
				DEVELOPMENT_TEAM = 52N37R27Z7;
				ENABLE_PREVIEWS = YES;
				GENERATE_INFOPLIST_FILE = YES;
				INFOPLIST_KEY_LSApplicationCategoryType = "";
				INFOPLIST_KEY_NSContactsUsageDescription = "We need access to your contacts so we can match names with reminders";
				INFOPLIST_KEY_NSRemindersUsageDescription = "We need to access your reminders to find scheduled calls";
				INFOPLIST_KEY_UIApplicationSceneManifest_Generation = YES;
				INFOPLIST_KEY_UIApplicationSupportsIndirectInputEvents = YES;
				INFOPLIST_KEY_UILaunchScreen_Generation = YES;
				INFOPLIST_KEY_UISupportedInterfaceOrientations_iPad = "UIInterfaceOrientationPortrait UIInterfaceOrientationPortraitUpsideDown UIInterfaceOrientationLandscapeLeft UIInterfaceOrientationLandscapeRight";
				INFOPLIST_KEY_UISupportedInterfaceOrientations_iPhone = "UIInterfaceOrientationPortrait UIInterfaceOrientationLandscapeLeft UIInterfaceOrientationLandscapeRight";
				LD_RUNPATH_SEARCH_PATHS = (
					"$(inherited)",
					"@executable_path/Frameworks",
				);
				MARKETING_VERSION = 1.0;
				PRODUCT_BUNDLE_IDENTIFIER = "vandammey.Next-calls";
				PRODUCT_NAME = "$(TARGET_NAME)";
				SWIFT_EMIT_LOC_STRINGS = YES;
				SWIFT_VERSION = 5.0;
				TARGETED_DEVICE_FAMILY = "1,2";
			};
			name = Debug;
		};
		2B97DCAF2C3D2EC900856519 /* Release */ = {
			isa = XCBuildConfiguration;
			buildSettings = {
				ASSETCATALOG_COMPILER_APPICON_NAME = AppIcon;
				ASSETCATALOG_COMPILER_GLOBAL_ACCENT_COLOR_NAME = AccentColor;
				CODE_SIGN_STYLE = Automatic;
				CURRENT_PROJECT_VERSION = 1;
				DEVELOPMENT_ASSET_PATHS = "\"Next calls/Preview Content\"";
				DEVELOPMENT_TEAM = 52N37R27Z7;
				ENABLE_PREVIEWS = YES;
				GENERATE_INFOPLIST_FILE = YES;
				INFOPLIST_KEY_LSApplicationCategoryType = "";
				INFOPLIST_KEY_NSContactsUsageDescription = "We need access to your contacts so we can match names with reminders";
				INFOPLIST_KEY_NSRemindersUsageDescription = "We need to access your reminders to find scheduled calls";
				INFOPLIST_KEY_UIApplicationSceneManifest_Generation = YES;
				INFOPLIST_KEY_UIApplicationSupportsIndirectInputEvents = YES;
				INFOPLIST_KEY_UILaunchScreen_Generation = YES;
				INFOPLIST_KEY_UISupportedInterfaceOrientations_iPad = "UIInterfaceOrientationPortrait UIInterfaceOrientationPortraitUpsideDown UIInterfaceOrientationLandscapeLeft UIInterfaceOrientationLandscapeRight";
				INFOPLIST_KEY_UISupportedInterfaceOrientations_iPhone = "UIInterfaceOrientationPortrait UIInterfaceOrientationLandscapeLeft UIInterfaceOrientationLandscapeRight";
				LD_RUNPATH_SEARCH_PATHS = (
					"$(inherited)",
					"@executable_path/Frameworks",
				);
				MARKETING_VERSION = 1.0;
				PRODUCT_BUNDLE_IDENTIFIER = "vandammey.Next-calls";
				PRODUCT_NAME = "$(TARGET_NAME)";
				SWIFT_EMIT_LOC_STRINGS = YES;
				SWIFT_VERSION = 5.0;
				TARGETED_DEVICE_FAMILY = "1,2";
			};
			name = Release;
		};
		2B97DCB12C3D2EC900856519 /* Debug */ = {
			isa = XCBuildConfiguration;
			buildSettings = {
				ALWAYS_EMBED_SWIFT_STANDARD_LIBRARIES = YES;
				BUNDLE_LOADER = "$(TEST_HOST)";
				CODE_SIGN_STYLE = Automatic;
				CURRENT_PROJECT_VERSION = 1;
				DEVELOPMENT_TEAM = 52N37R27Z7;
				GENERATE_INFOPLIST_FILE = YES;
				IPHONEOS_DEPLOYMENT_TARGET = 17.5;
				MARKETING_VERSION = 1.0;
				PRODUCT_BUNDLE_IDENTIFIER = "vandammey.Next-callsTests";
				PRODUCT_NAME = "$(TARGET_NAME)";
				SWIFT_EMIT_LOC_STRINGS = NO;
				SWIFT_VERSION = 5.0;
				TARGETED_DEVICE_FAMILY = "1,2";
				TEST_HOST = "$(BUILT_PRODUCTS_DIR)/Next calls.app/$(BUNDLE_EXECUTABLE_FOLDER_PATH)/Next calls";
			};
			name = Debug;
		};
		2B97DCB22C3D2EC900856519 /* Release */ = {
			isa = XCBuildConfiguration;
			buildSettings = {
				ALWAYS_EMBED_SWIFT_STANDARD_LIBRARIES = YES;
				BUNDLE_LOADER = "$(TEST_HOST)";
				CODE_SIGN_STYLE = Automatic;
				CURRENT_PROJECT_VERSION = 1;
				DEVELOPMENT_TEAM = 52N37R27Z7;
				GENERATE_INFOPLIST_FILE = YES;
				IPHONEOS_DEPLOYMENT_TARGET = 17.5;
				MARKETING_VERSION = 1.0;
				PRODUCT_BUNDLE_IDENTIFIER = "vandammey.Next-callsTests";
				PRODUCT_NAME = "$(TARGET_NAME)";
				SWIFT_EMIT_LOC_STRINGS = NO;
				SWIFT_VERSION = 5.0;
				TARGETED_DEVICE_FAMILY = "1,2";
				TEST_HOST = "$(BUILT_PRODUCTS_DIR)/Next calls.app/$(BUNDLE_EXECUTABLE_FOLDER_PATH)/Next calls";
			};
			name = Release;
		};
/* End XCBuildConfiguration section */

/* Begin XCConfigurationList section */
		2B97DC842C3D2EC500856519 /* Build configuration list for PBXProject "Next calls" */ = {
			isa = XCConfigurationList;
			buildConfigurations = (
				2B97DCAB2C3D2EC900856519 /* Debug */,
				2B97DCAC2C3D2EC900856519 /* Release */,
			);
			defaultConfigurationIsVisible = 0;
			defaultConfigurationName = Release;
		};
		2B97DCAD2C3D2EC900856519 /* Build configuration list for PBXNativeTarget "Next calls" */ = {
			isa = XCConfigurationList;
			buildConfigurations = (
				2B97DCAE2C3D2EC900856519 /* Debug */,
				2B97DCAF2C3D2EC900856519 /* Release */,
			);
			defaultConfigurationIsVisible = 0;
			defaultConfigurationName = Release;
		};
		2B97DCB02C3D2EC900856519 /* Build configuration list for PBXNativeTarget "Next callsTests" */ = {
			isa = XCConfigurationList;
			buildConfigurations = (
				2B97DCB12C3D2EC900856519 /* Debug */,
				2B97DCB22C3D2EC900856519 /* Release */,
			);
			defaultConfigurationIsVisible = 0;
			defaultConfigurationName = Release;
		};
/* End XCConfigurationList section */
	};
	rootObject = 2B97DC812C3D2EC500856519 /* Project object */;
}
